
Microsoft Visual Studio Solution File, Format Version 12.00
# Visual Studio Version 17
VisualStudioVersion = 17.8.34322.80
MinimumVisualStudioVersion = 10.0.40219.1
Project("{2150E333-8FDC-42A3-9474-1A3956D46DE8}") = "Api", "Api", "{7D3F2A21-621C-496F-AD93-D36615437B4B}"
EndProject
Project("{9A19103F-16F7-4668-BE54-9A1E7A4F7556}") = "TodoProject.WebApi", "TodoProject.WebApi\TodoProject.WebApi\TodoProject.WebApi.csproj", "{2CAEEDB8-D459-4168-A2A6-ED51277B79A4}"
EndProject
Project("{FAE04EC0-301F-11D3-BF4B-00C04F79EFBC}") = "TodoProject.DataAccessLayer", "TodoProject.WebApi\TodoProject.DataAccessLayer\TodoProject.DataAccessLayer.csproj", "{D20EB971-C112-48F8-ADC8-B86FB0720C38}"
EndProject
Project("{FAE04EC0-301F-11D3-BF4B-00C04F79EFBC}") = "TodoProject.EntityLayer", "TodoProject.WebApi\TodoProject.EntityLayer\TodoProject.EntityLayer.csproj", "{925E149C-EF2D-4BA1-B1CC-1D10BB2A9CFB}"
EndProject
Project("{FAE04EC0-301F-11D3-BF4B-00C04F79EFBC}") = "TodoProject.BusinessLayer", "TodoProject.WebApi\TodoProject.BusinessLayer\TodoProject.BusinessLayer.csproj", "{A22C4363-3258-477E-B326-99D4AD338452}"
EndProject
Project("{FAE04EC0-301F-11D3-BF4B-00C04F79EFBC}") = "TodoProject.DtoLayer", "TodoProject.WebApi\TodoProject.DtoLayer\TodoProject.DtoLayer.csproj", "{AB74B41A-BB28-4035-88A5-89F1066FE6BC}"
EndProject
Global
	GlobalSection(SolutionConfigurationPlatforms) = preSolution
		Debug|Any CPU = Debug|Any CPU
		Release|Any CPU = Release|Any CPU
	EndGlobalSection
	GlobalSection(ProjectConfigurationPlatforms) = postSolution
		{2CAEEDB8-D459-4168-A2A6-ED51277B79A4}.Debug|Any CPU.ActiveCfg = Debug|Any CPU
		{2CAEEDB8-D459-4168-A2A6-ED51277B79A4}.Debug|Any CPU.Build.0 = Debug|Any CPU
		{2CAEEDB8-D459-4168-A2A6-ED51277B79A4}.Release|Any CPU.ActiveCfg = Release|Any CPU
		{2CAEEDB8-D459-4168-A2A6-ED51277B79A4}.Release|Any CPU.Build.0 = Release|Any CPU
		{D20EB971-C112-48F8-ADC8-B86FB0720C38}.Debug|Any CPU.ActiveCfg = Debug|Any CPU
		{D20EB971-C112-48F8-ADC8-B86FB0720C38}.Debug|Any CPU.Build.0 = Debug|Any CPU
		{D20EB971-C112-48F8-ADC8-B86FB0720C38}.Release|Any CPU.ActiveCfg = Release|Any CPU
		{D20EB971-C112-48F8-ADC8-B86FB0720C38}.Release|Any CPU.Build.0 = Release|Any CPU
		{925E149C-EF2D-4BA1-B1CC-1D10BB2A9CFB}.Debug|Any CPU.ActiveCfg = Debug|Any CPU
		{925E149C-EF2D-4BA1-B1CC-1D10BB2A9CFB}.Debug|Any CPU.Build.0 = Debug|Any CPU
		{925E149C-EF2D-4BA1-B1CC-1D10BB2A9CFB}.Release|Any CPU.ActiveCfg = Release|Any CPU
		{925E149C-EF2D-4BA1-B1CC-1D10BB2A9CFB}.Release|Any CPU.Build.0 = Release|Any CPU
		{A22C4363-3258-477E-B326-99D4AD338452}.Debug|Any CPU.ActiveCfg = Debug|Any CPU
		{A22C4363-3258-477E-B326-99D4AD338452}.Debug|Any CPU.Build.0 = Debug|Any CPU
		{A22C4363-3258-477E-B326-99D4AD338452}.Release|Any CPU.ActiveCfg = Release|Any CPU
		{A22C4363-3258-477E-B326-99D4AD338452}.Release|Any CPU.Build.0 = Release|Any CPU
		{AB74B41A-BB28-4035-88A5-89F1066FE6BC}.Debug|Any CPU.ActiveCfg = Debug|Any CPU
		{AB74B41A-BB28-4035-88A5-89F1066FE6BC}.Debug|Any CPU.Build.0 = Debug|Any CPU
		{AB74B41A-BB28-4035-88A5-89F1066FE6BC}.Release|Any CPU.ActiveCfg = Release|Any CPU
		{AB74B41A-BB28-4035-88A5-89F1066FE6BC}.Release|Any CPU.Build.0 = Release|Any CPU
	EndGlobalSection
	GlobalSection(SolutionProperties) = preSolution
		HideSolutionNode = FALSE
	EndGlobalSection
	GlobalSection(NestedProjects) = preSolution
		{2CAEEDB8-D459-4168-A2A6-ED51277B79A4} = {7D3F2A21-621C-496F-AD93-D36615437B4B}
		{D20EB971-C112-48F8-ADC8-B86FB0720C38} = {7D3F2A21-621C-496F-AD93-D36615437B4B}
		{925E149C-EF2D-4BA1-B1CC-1D10BB2A9CFB} = {7D3F2A21-621C-496F-AD93-D36615437B4B}
		{A22C4363-3258-477E-B326-99D4AD338452} = {7D3F2A21-621C-496F-AD93-D36615437B4B}
		{AB74B41A-BB28-4035-88A5-89F1066FE6BC} = {7D3F2A21-621C-496F-AD93-D36615437B4B}
	EndGlobalSection
	GlobalSection(ExtensibilityGlobals) = postSolution
		SolutionGuid = {C1E3C294-9825-40FD-81F0-3BB6038DC092}
	EndGlobalSection
EndGlobal
